// !$*UTF8*$!
{
	archiveVersion = 1;
	classes = {
	};
	objectVersion = 50;
	objects = {

/* Begin PBXBuildFile section */
		505E3B1A24ECD09A00040891 /* AppDelegate.swift in Sources */ = {isa = PBXBuildFile; fileRef = 505E3B1924ECD09A00040891 /* AppDelegate.swift */; };
		505E3B1C24ECD09A00040891 /* SceneDelegate.swift in Sources */ = {isa = PBXBuildFile; fileRef = 505E3B1B24ECD09A00040891 /* SceneDelegate.swift */; };
		505E3B1E24ECD09A00040891 /* ViewController.swift in Sources */ = {isa = PBXBuildFile; fileRef = 505E3B1D24ECD09A00040891 /* ViewController.swift */; };
		505E3B2124ECD09A00040891 /* Main.storyboard in Resources */ = {isa = PBXBuildFile; fileRef = 505E3B1F24ECD09A00040891 /* Main.storyboard */; };
		505E3B2324ECD09C00040891 /* Assets.xcassets in Resources */ = {isa = PBXBuildFile; fileRef = 505E3B2224ECD09C00040891 /* Assets.xcassets */; };
		505E3B2624ECD09C00040891 /* LaunchScreen.storyboard in Resources */ = {isa = PBXBuildFile; fileRef = 505E3B2424ECD09C00040891 /* LaunchScreen.storyboard */; };
		505E3B3124ECD09C00040891 /* tipTests.swift in Sources */ = {isa = PBXBuildFile; fileRef = 505E3B3024ECD09C00040891 /* tipTests.swift */; };
		505E3B3C24ECD09C00040891 /* tipUITests.swift in Sources */ = {isa = PBXBuildFile; fileRef = 505E3B3B24ECD09C00040891 /* tipUITests.swift */; };
		505E3B4C24ECFAA400040891 /* SettingsViewController.swift in Sources */ = {isa = PBXBuildFile; fileRef = 505E3B4B24ECFAA400040891 /* SettingsViewController.swift */; };
/* End PBXBuildFile section */

/* Begin PBXContainerItemProxy section */
		505E3B2D24ECD09C00040891 /* PBXContainerItemProxy */ = {
			isa = PBXContainerItemProxy;
			containerPortal = 505E3B0E24ECD09A00040891 /* Project object */;
			proxyType = 1;
			remoteGlobalIDString = 505E3B1524ECD09A00040891;
			remoteInfo = tip;
		};
		505E3B3824ECD09C00040891 /* PBXContainerItemProxy */ = {
			isa = PBXContainerItemProxy;
			containerPortal = 505E3B0E24ECD09A00040891 /* Project object */;
			proxyType = 1;
			remoteGlobalIDString = 505E3B1524ECD09A00040891;
			remoteInfo = tip;
		};
/* End PBXContainerItemProxy section */

/* Begin PBXFileReference section */
		505E3B1624ECD09A00040891 /* tip.app */ = {isa = PBXFileReference; explicitFileType = wrapper.application; includeInIndex = 0; path = tip.app; sourceTree = BUILT_PRODUCTS_DIR; };
		505E3B1924ECD09A00040891 /* AppDelegate.swift */ = {isa = PBXFileReference; lastKnownFileType = sourcecode.swift; path = AppDelegate.swift; sourceTree = "<group>"; };
		505E3B1B24ECD09A00040891 /* SceneDelegate.swift */ = {isa = PBXFileReference; lastKnownFileType = sourcecode.swift; path = SceneDelegate.swift; sourceTree = "<group>"; };
		505E3B1D24ECD09A00040891 /* ViewController.swift */ = {isa = PBXFileReference; lastKnownFileType = sourcecode.swift; path = ViewController.swift; sourceTree = "<group>"; };
		505E3B2024ECD09A00040891 /* Base */ = {isa = PBXFileReference; lastKnownFileType = file.storyboard; name = Base; path = Base.lproj/Main.storyboard; sourceTree = "<group>"; };
		505E3B2224ECD09C00040891 /* Assets.xcassets */ = {isa = PBXFileReference; lastKnownFileType = folder.assetcatalog; path = Assets.xcassets; sourceTree = "<group>"; };
		505E3B2524ECD09C00040891 /* Base */ = {isa = PBXFileReference; lastKnownFileType = file.storyboard; name = Base; path = Base.lproj/LaunchScreen.storyboard; sourceTree = "<group>"; };
		505E3B2724ECD09C00040891 /* Info.plist */ = {isa = PBXFileReference; lastKnownFileType = text.plist.xml; path = Info.plist; sourceTree = "<group>"; };
		505E3B2C24ECD09C00040891 /* tipTests.xctest */ = {isa = PBXFileReference; explicitFileType = wrapper.cfbundle; includeInIndex = 0; path = tipTests.xctest; sourceTree = BUILT_PRODUCTS_DIR; };
		505E3B3024ECD09C00040891 /* tipTests.swift */ = {isa = PBXFileReference; lastKnownFileType = sourcecode.swift; path = tipTests.swift; sourceTree = "<group>"; };
		505E3B3224ECD09C00040891 /* Info.plist */ = {isa = PBXFileReference; lastKnownFileType = text.plist.xml; path = Info.plist; sourceTree = "<group>"; };
		505E3B3724ECD09C00040891 /* tipUITests.xctest */ = {isa = PBXFileReference; explicitFileType = wrapper.cfbundle; includeInIndex = 0; path = tipUITests.xctest; sourceTree = BUILT_PRODUCTS_DIR; };
		505E3B3B24ECD09C00040891 /* tipUITests.swift */ = {isa = PBXFileReference; lastKnownFileType = sourcecode.swift; path = tipUITests.swift; sourceTree = "<group>"; };
		505E3B3D24ECD09C00040891 /* Info.plist */ = {isa = PBXFileReference; lastKnownFileType = text.plist.xml; path = Info.plist; sourceTree = "<group>"; };
		505E3B4B24ECFAA400040891 /* SettingsViewController.swift */ = {isa = PBXFileReference; lastKnownFileType = sourcecode.swift; path = SettingsViewController.swift; sourceTree = "<group>"; };
/* End PBXFileReference section */

/* Begin PBXFrameworksBuildPhase section */
		505E3B1324ECD09A00040891 /* Frameworks */ = {
			isa = PBXFrameworksBuildPhase;
			buildActionMask = 2147483647;
			files = (
			);
			runOnlyForDeploymentPostprocessing = 0;
		};
		505E3B2924ECD09C00040891 /* Frameworks */ = {
			isa = PBXFrameworksBuildPhase;
			buildActionMask = 2147483647;
			files = (
			);
			runOnlyForDeploymentPostprocessing = 0;
		};
		505E3B3424ECD09C00040891 /* Frameworks */ = {
			isa = PBXFrameworksBuildPhase;
			buildActionMask = 2147483647;
			files = (
			);
			runOnlyForDeploymentPostprocessing = 0;
		};
/* End PBXFrameworksBuildPhase section */

/* Begin PBXGroup section */
		505E3B0D24ECD09A00040891 = {
			isa = PBXGroup;
			children = (
				505E3B1824ECD09A00040891 /* tip */,
				505E3B2F24ECD09C00040891 /* tipTests */,
				505E3B3A24ECD09C00040891 /* tipUITests */,
				505E3B1724ECD09A00040891 /* Products */,
			);
			sourceTree = "<group>";
		};
		505E3B1724ECD09A00040891 /* Products */ = {
			isa = PBXGroup;
			children = (
				505E3B1624ECD09A00040891 /* tip.app */,
				505E3B2C24ECD09C00040891 /* tipTests.xctest */,
				505E3B3724ECD09C00040891 /* tipUITests.xctest */,
			);
			name = Products;
			sourceTree = "<group>";
		};
		505E3B1824ECD09A00040891 /* tip */ = {
			isa = PBXGroup;
			children = (
				505E3B1924ECD09A00040891 /* AppDelegate.swift */,
				505E3B1B24ECD09A00040891 /* SceneDelegate.swift */,
				505E3B1D24ECD09A00040891 /* ViewController.swift */,
				505E3B1F24ECD09A00040891 /* Main.storyboard */,
				505E3B2224ECD09C00040891 /* Assets.xcassets */,
				505E3B2424ECD09C00040891 /* LaunchScreen.storyboard */,
				505E3B2724ECD09C00040891 /* Info.plist */,
				505E3B4B24ECFAA400040891 /* SettingsViewController.swift */,
			);
			path = tip;
			sourceTree = "<group>";
		};
		505E3B2F24ECD09C00040891 /* tipTests */ = {
			isa = PBXGroup;
			children = (
				505E3B3024ECD09C00040891 /* tipTests.swift */,
				505E3B3224ECD09C00040891 /* Info.plist */,
			);
			path = tipTests;
			sourceTree = "<group>";
		};
		505E3B3A24ECD09C00040891 /* tipUITests */ = {
			isa = PBXGroup;
			children = (
				505E3B3B24ECD09C00040891 /* tipUITests.swift */,
				505E3B3D24ECD09C00040891 /* Info.plist */,
			);
			path = tipUITests;
			sourceTree = "<group>";
		};
/* End PBXGroup section */

/* Begin PBXNativeTarget section */
		505E3B1524ECD09A00040891 /* tip */ = {
			isa = PBXNativeTarget;
			buildConfigurationList = 505E3B4024ECD09C00040891 /* Build configuration list for PBXNativeTarget "tip" */;
			buildPhases = (
				505E3B1224ECD09A00040891 /* Sources */,
				505E3B1324ECD09A00040891 /* Frameworks */,
				505E3B1424ECD09A00040891 /* Resources */,
			);
			buildRules = (
			);
			dependencies = (
			);
			name = tip;
			productName = tip;
			productReference = 505E3B1624ECD09A00040891 /* tip.app */;
			productType = "com.apple.product-type.application";
		};
		505E3B2B24ECD09C00040891 /* tipTests */ = {
			isa = PBXNativeTarget;
			buildConfigurationList = 505E3B4324ECD09C00040891 /* Build configuration list for PBXNativeTarget "tipTests" */;
			buildPhases = (
				505E3B2824ECD09C00040891 /* Sources */,
				505E3B2924ECD09C00040891 /* Frameworks */,
				505E3B2A24ECD09C00040891 /* Resources */,
			);
			buildRules = (
			);
			dependencies = (
				505E3B2E24ECD09C00040891 /* PBXTargetDependency */,
			);
			name = tipTests;
			productName = tipTests;
			productReference = 505E3B2C24ECD09C00040891 /* tipTests.xctest */;
			productType = "com.apple.product-type.bundle.unit-test";
		};
		505E3B3624ECD09C00040891 /* tipUITests */ = {
			isa = PBXNativeTarget;
			buildConfigurationList = 505E3B4624ECD09C00040891 /* Build configuration list for PBXNativeTarget "tipUITests" */;
			buildPhases = (
				505E3B3324ECD09C00040891 /* Sources */,
				505E3B3424ECD09C00040891 /* Frameworks */,
				505E3B3524ECD09C00040891 /* Resources */,
			);
			buildRules = (
			);
			dependencies = (
				505E3B3924ECD09C00040891 /* PBXTargetDependency */,
			);
			name = tipUITests;
			productName = tipUITests;
			productReference = 505E3B3724ECD09C00040891 /* tipUITests.xctest */;
			productType = "com.apple.product-type.bundle.ui-testing";
		};
/* End PBXNativeTarget section */

/* Begin PBXProject section */
		505E3B0E24ECD09A00040891 /* Project object */ = {
			isa = PBXProject;
			attributes = {
				LastSwiftUpdateCheck = 1160;
				LastUpgradeCheck = 1160;
				ORGANIZATIONNAME = Codepath;
				TargetAttributes = {
					505E3B1524ECD09A00040891 = {
						CreatedOnToolsVersion = 11.6;
					};
					505E3B2B24ECD09C00040891 = {
						CreatedOnToolsVersion = 11.6;
						TestTargetID = 505E3B1524ECD09A00040891;
					};
					505E3B3624ECD09C00040891 = {
						CreatedOnToolsVersion = 11.6;
						TestTargetID = 505E3B1524ECD09A00040891;
					};
				};
			};
			buildConfigurationList = 505E3B1124ECD09A00040891 /* Build configuration list for PBXProject "tip" */;
			compatibilityVersion = "Xcode 9.3";
			developmentRegion = en;
			hasScannedForEncodings = 0;
			knownRegions = (
				en,
				Base,
			);
			mainGroup = 505E3B0D24ECD09A00040891;
			productRefGroup = 505E3B1724ECD09A00040891 /* Products */;
			projectDirPath = "";
			projectRoot = "";
			targets = (
				505E3B1524ECD09A00040891 /* tip */,
				505E3B2B24ECD09C00040891 /* tipTests */,
				505E3B3624ECD09C00040891 /* tipUITests */,
			);
		};
/* End PBXProject section */

/* Begin PBXResourcesBuildPhase section */
		505E3B1424ECD09A00040891 /* Resources */ = {
			isa = PBXResourcesBuildPhase;
			buildActionMask = 2147483647;
			files = (
				505E3B2624ECD09C00040891 /* LaunchScreen.storyboard in Resources */,
				505E3B2324ECD09C00040891 /* Assets.xcassets in Resources */,
				505E3B2124ECD09A00040891 /* Main.storyboard in Resources */,
			);
			runOnlyForDeploymentPostprocessing = 0;
		};
		505E3B2A24ECD09C00040891 /* Resources */ = {
			isa = PBXResourcesBuildPhase;
			buildActionMask = 2147483647;
			files = (
			);
			runOnlyForDeploymentPostprocessing = 0;
		};
		505E3B3524ECD09C00040891 /* Resources */ = {
			isa = PBXResourcesBuildPhase;
			buildActionMask = 2147483647;
			files = (
			);
			runOnlyForDeploymentPostprocessing = 0;
		};
/* End PBXResourcesBuildPhase section */

/* Begin PBXSourcesBuildPhase section */
		505E3B1224ECD09A00040891 /* Sources */ = {
			isa = PBXSourcesBuildPhase;
			buildActionMask = 2147483647;
			files = (
				505E3B1E24ECD09A00040891 /* ViewController.swift in Sources */,
				505E3B1A24ECD09A00040891 /* AppDelegate.swift in Sources */,
				505E3B1C24ECD09A00040891 /* SceneDelegate.swift in Sources */,
				505E3B4C24ECFAA400040891 /* SettingsViewController.swift in Sources */,
			);
			runOnlyForDeploymentPostprocessing = 0;
		};
		505E3B2824ECD09C00040891 /* Sources */ = {
			isa = PBXSourcesBuildPhase;
			buildActionMask = 2147483647;
			files = (
				505E3B3124ECD09C00040891 /* tipTests.swift in Sources */,
			);
			runOnlyForDeploymentPostprocessing = 0;
		};
		505E3B3324ECD09C00040891 /* Sources */ = {
			isa = PBXSourcesBuildPhase;
			buildActionMask = 2147483647;
			files = (
				505E3B3C24ECD09C00040891 /* tipUITests.swift in Sources */,
			);
			runOnlyForDeploymentPostprocessing = 0;
		};
/* End PBXSourcesBuildPhase section */

/* Begin PBXTargetDependency section */
		505E3B2E24ECD09C00040891 /* PBXTargetDependency */ = {
			isa = PBXTargetDependency;
			target = 505E3B1524ECD09A00040891 /* tip */;
			targetProxy = 505E3B2D24ECD09C00040891 /* PBXContainerItemProxy */;
		};
		505E3B3924ECD09C00040891 /* PBXTargetDependency */ = {
			isa = PBXTargetDependency;
			target = 505E3B1524ECD09A00040891 /* tip */;
			targetProxy = 505E3B3824ECD09C00040891 /* PBXContainerItemProxy */;
		};
/* End PBXTargetDependency section */

/* Begin PBXVariantGroup section */
		505E3B1F24ECD09A00040891 /* Main.storyboard */ = {
			isa = PBXVariantGroup;
			children = (
				505E3B2024ECD09A00040891 /* Base */,
			);
			name = Main.storyboard;
			sourceTree = "<group>";
		};
		505E3B2424ECD09C00040891 /* LaunchScreen.storyboard */ = {
			isa = PBXVariantGroup;
			children = (
				505E3B2524ECD09C00040891 /* Base */,
			);
			name = LaunchScreen.storyboard;
			sourceTree = "<group>";
		};
/* End PBXVariantGroup section */

/* Begin XCBuildConfiguration section */
		505E3B3E24ECD09C00040891 /* Debug */ = {
			isa = XCBuildConfiguration;
			buildSettings = {
				ALWAYS_SEARCH_USER_PATHS = NO;
				CLANG_ANALYZER_NONNULL = YES;
				CLANG_ANALYZER_NUMBER_OBJECT_CONVERSION = YES_AGGRESSIVE;
				CLANG_CXX_LANGUAGE_STANDARD = "gnu++14";
				CLANG_CXX_LIBRARY = "libc++";
				CLANG_ENABLE_MODULES = YES;
				CLANG_ENABLE_OBJC_ARC = YES;
				CLANG_ENABLE_OBJC_WEAK = YES;
				CLANG_WARN_BLOCK_CAPTURE_AUTORELEASING = YES;
				CLANG_WARN_BOOL_CONVERSION = YES;
				CLANG_WARN_COMMA = YES;
				CLANG_WARN_CONSTANT_CONVERSION = YES;
				CLANG_WARN_DEPRECATED_OBJC_IMPLEMENTATIONS = YES;
				CLANG_WARN_DIRECT_OBJC_ISA_USAGE = YES_ERROR;
				CLANG_WARN_DOCUMENTATION_COMMENTS = YES;
				CLANG_WARN_EMPTY_BODY = YES;
				CLANG_WARN_ENUM_CONVERSION = YES;
				CLANG_WARN_INFINITE_RECURSION = YES;
				CLANG_WARN_INT_CONVERSION = YES;
				CLANG_WARN_NON_LITERAL_NULL_CONVERSION = YES;
				CLANG_WARN_OBJC_IMPLICIT_RETAIN_SELF = YES;
				CLANG_WARN_OBJC_LITERAL_CONVERSION = YES;
				CLANG_WARN_OBJC_ROOT_CLASS = YES_ERROR;
				CLANG_WARN_RANGE_LOOP_ANALYSIS = YES;
				CLANG_WARN_STRICT_PROTOTYPES = YES;
				CLANG_WARN_SUSPICIOUS_MOVE = YES;
				CLANG_WARN_UNGUARDED_AVAILABILITY = YES_AGGRESSIVE;
				CLANG_WARN_UNREACHABLE_CODE = YES;
				CLANG_WARN__DUPLICATE_METHOD_MATCH = YES;
				COPY_PHASE_STRIP = NO;
				DEBUG_INFORMATION_FORMAT = dwarf;
				ENABLE_STRICT_OBJC_MSGSEND = YES;
				ENABLE_TESTABILITY = YES;
				GCC_C_LANGUAGE_STANDARD = gnu11;
				GCC_DYNAMIC_NO_PIC = NO;
				GCC_NO_COMMON_BLOCKS = YES;
				GCC_OPTIMIZATION_LEVEL = 0;
				GCC_PREPROCESSOR_DEFINITIONS = (
					"DEBUG=1",
					"$(inherited)",
				);
				GCC_WARN_64_TO_32_BIT_CONVERSION = YES;
				GCC_WARN_ABOUT_RETURN_TYPE = YES_ERROR;
				GCC_WARN_UNDECLARED_SELECTOR = YES;
				GCC_WARN_UNINITIALIZED_AUTOS = YES_AGGRESSIVE;
				GCC_WARN_UNUSED_FUNCTION = YES;
				GCC_WARN_UNUSED_VARIABLE = YES;
				IPHONEOS_DEPLOYMENT_TARGET = 13.6;
				MTL_ENABLE_DEBUG_INFO = INCLUDE_SOURCE;
				MTL_FAST_MATH = YES;
				ONLY_ACTIVE_ARCH = YES;
				SDKROOT = iphoneos;
				SWIFT_ACTIVE_COMPILATION_CONDITIONS = DEBUG;
				SWIFT_OPTIMIZATION_LEVEL = "-Onone";
			};
			name = Debug;
		};
		505E3B3F24ECD09C00040891 /* Release */ = {
			isa = XCBuildConfiguration;
			buildSettings = {
				ALWAYS_SEARCH_USER_PATHS = NO;
				CLANG_ANALYZER_NONNULL = YES;
				CLANG_ANALYZER_NUMBER_OBJECT_CONVERSION = YES_AGGRESSIVE;
				CLANG_CXX_LANGUAGE_STANDARD = "gnu++14";
				CLANG_CXX_LIBRARY = "libc++";
				CLANG_ENABLE_MODULES = YES;
				CLANG_ENABLE_OBJC_ARC = YES;
				CLANG_ENABLE_OBJC_WEAK = YES;
				CLANG_WARN_BLOCK_CAPTURE_AUTORELEASING = YES;
				CLANG_WARN_BOOL_CONVERSION = YES;
				CLANG_WARN_COMMA = YES;
				CLANG_WARN_CONSTANT_CONVERSION = YES;
				CLANG_WARN_DEPRECATED_OBJC_IMPLEMENTATIONS = YES;
				CLANG_WARN_DIRECT_OBJC_ISA_USAGE = YES_ERROR;
				CLANG_WARN_DOCUMENTATION_COMMENTS = YES;
				CLANG_WARN_EMPTY_BODY = YES;
				CLANG_WARN_ENUM_CONVERSION = YES;
				CLANG_WARN_INFINITE_RECURSION = YES;
				CLANG_WARN_INT_CONVERSION = YES;
				CLANG_WARN_NON_LITERAL_NULL_CONVERSION = YES;
				CLANG_WARN_OBJC_IMPLICIT_RETAIN_SELF = YES;
				CLANG_WARN_OBJC_LITERAL_CONVERSION = YES;
				CLANG_WARN_OBJC_ROOT_CLASS = YES_ERROR;
				CLANG_WARN_RANGE_LOOP_ANALYSIS = YES;
				CLANG_WARN_STRICT_PROTOTYPES = YES;
				CLANG_WARN_SUSPICIOUS_MOVE = YES;
				CLANG_WARN_UNGUARDED_AVAILABILITY = YES_AGGRESSIVE;
				CLANG_WARN_UNREACHABLE_CODE = YES;
				CLANG_WARN__DUPLICATE_METHOD_MATCH = YES;
				COPY_PHASE_STRIP = NO;
				DEBUG_INFORMATION_FORMAT = "dwarf-with-dsym";
				ENABLE_NS_ASSERTIONS = NO;
				ENABLE_STRICT_OBJC_MSGSEND = YES;
				GCC_C_LANGUAGE_STANDARD = gnu11;
				GCC_NO_COMMON_BLOCKS = YES;
				GCC_WARN_64_TO_32_BIT_CONVERSION = YES;
				GCC_WARN_ABOUT_RETURN_TYPE = YES_ERROR;
				GCC_WARN_UNDECLARED_SELECTOR = YES;
				GCC_WARN_UNINITIALIZED_AUTOS = YES_AGGRESSIVE;
				GCC_WARN_UNUSED_FUNCTION = YES;
				GCC_WARN_UNUSED_VARIABLE = YES;
				IPHONEOS_DEPLOYMENT_TARGET = 13.6;
				MTL_ENABLE_DEBUG_INFO = NO;
				MTL_FAST_MATH = YES;
				SDKROOT = iphoneos;
				SWIFT_COMPILATION_MODE = wholemodule;
				SWIFT_OPTIMIZATION_LEVEL = "-O";
				VALIDATE_PRODUCT = YES;
			};
			name = Release;
		};
		505E3B4124ECD09C00040891 /* Debug */ = {
			isa = XCBuildConfiguration;
			buildSettings = {
				ASSETCATALOG_COMPILER_APPICON_NAME = AppIcon;
				CODE_SIGN_STYLE = Automatic;
				INFOPLIST_FILE = tip/Info.plist;
				LD_RUNPATH_SEARCH_PATHS = (
					"$(inherited)",
					"@executable_path/Frameworks",
				);
				PRODUCT_BUNDLE_IDENTIFIER = Codepath.tip;
				PRODUCT_NAME = "$(TARGET_NAME)";
				SWIFT_VERSION = 5.0;
				TARGETED_DEVICE_FAMILY = "1,2";
			};
			name = Debug;
		};
		505E3B4224ECD09C00040891 /* Release */ = {
			isa = XCBuildConfiguration;
			buildSettings = {
				ASSETCATALOG_COMPILER_APPICON_NAME = AppIcon;
				CODE_SIGN_STYLE = Automatic;
				INFOPLIST_FILE = tip/Info.plist;
				LD_RUNPATH_SEARCH_PATHS = (
					"$(inherited)",
					"@executable_path/Frameworks",
				);
				PRODUCT_BUNDLE_IDENTIFIER = Codepath.tip;
				PRODUCT_NAME = "$(TARGET_NAME)";
				SWIFT_VERSION = 5.0;
				TARGETED_DEVICE_FAMILY = "1,2";
			};
			name = Release;
		};
		505E3B4424ECD09C00040891 /* Debug */ = {
			isa = XCBuildConfiguration;
			buildSettings = {
				ALWAYS_EMBED_SWIFT_STANDARD_LIBRARIES = YES;
				BUNDLE_LOADER = "$(TEST_HOST)";
				CODE_SIGN_STYLE = Automatic;
				INFOPLIST_FILE = tipTests/Info.plist;
				IPHONEOS_DEPLOYMENT_TARGET = 13.6;
				LD_RUNPATH_SEARCH_PATHS = (
					"$(inherited)",
					"@executable_path/Frameworks",
					"@loader_path/Frameworks",
				);
				PRODUCT_BUNDLE_IDENTIFIER = Codepath.tipTests;
				PRODUCT_NAME = "$(TARGET_NAME)";
				SWIFT_VERSION = 5.0;
				TARGETED_DEVICE_FAMILY = "1,2";
				TEST_HOST = "$(BUILT_PRODUCTS_DIR)/tip.app/tip";
			};
			name = Debug;
		};
		505E3B4524ECD09C00040891 /* Release */ = {
			isa = XCBuildConfiguration;
			buildSettings = {
				ALWAYS_EMBED_SWIFT_STANDARD_LIBRARIES = YES;
				BUNDLE_LOADER = "$(TEST_HOST)";
				CODE_SIGN_STYLE = Automatic;
				INFOPLIST_FILE = tipTests/Info.plist;
				IPHONEOS_DEPLOYMENT_TARGET = 13.6;
				LD_RUNPATH_SEARCH_PATHS = (
					"$(inherited)",
					"@executable_path/Frameworks",
					"@loader_path/Frameworks",
				);
				PRODUCT_BUNDLE_IDENTIFIER = Codepath.tipTests;
				PRODUCT_NAME = "$(TARGET_NAME)";
				SWIFT_VERSION = 5.0;
				TARGETED_DEVICE_FAMILY = "1,2";
				TEST_HOST = "$(BUILT_PRODUCTS_DIR)/tip.app/tip";
			};
			name = Release;
		};
		505E3B4724ECD09C00040891 /* Debug */ = {
			isa = XCBuildConfiguration;
			buildSettings = {
				ALWAYS_EMBED_SWIFT_STANDARD_LIBRARIES = YES;
				CODE_SIGN_STYLE = Automatic;
				INFOPLIST_FILE = tipUITests/Info.plist;
				LD_RUNPATH_SEARCH_PATHS = (
					"$(inherited)",
					"@executable_path/Frameworks",
					"@loader_path/Frameworks",
				);
				PRODUCT_BUNDLE_IDENTIFIER = Codepath.tipUITests;
				PRODUCT_NAME = "$(TARGET_NAME)";
				SWIFT_VERSION = 5.0;
				TARGETED_DEVICE_FAMILY = "1,2";
				TEST_TARGET_NAME = tip;
			};
			name = Debug;
		};
		505E3B4824ECD09C00040891 /* Release */ = {
			isa = XCBuildConfiguration;
			buildSettings = {
				ALWAYS_EMBED_SWIFT_STANDARD_LIBRARIES = YES;
				CODE_SIGN_STYLE = Automatic;
				INFOPLIST_FILE = tipUITests/Info.plist;
				LD_RUNPATH_SEARCH_PATHS = (
					"$(inherited)",
					"@executable_path/Frameworks",
					"@loader_path/Frameworks",
				);
				PRODUCT_BUNDLE_IDENTIFIER = Codepath.tipUITests;
				PRODUCT_NAME = "$(TARGET_NAME)";
				SWIFT_VERSION = 5.0;
				TARGETED_DEVICE_FAMILY = "1,2";
				TEST_TARGET_NAME = tip;
			};
			name = Release;
		};
/* End XCBuildConfiguration section */

/* Begin XCConfigurationList section */
		505E3B1124ECD09A00040891 /* Build configuration list for PBXProject "tip" */ = {
			isa = XCConfigurationList;
			buildConfigurations = (
				505E3B3E24ECD09C00040891 /* Debug */,
				505E3B3F24ECD09C00040891 /* Release */,
			);
			defaultConfigurationIsVisible = 0;
			defaultConfigurationName = Release;
		};
		505E3B4024ECD09C00040891 /* Build configuration list for PBXNativeTarget "tip" */ = {
			isa = XCConfigurationList;
			buildConfigurations = (
				505E3B4124ECD09C00040891 /* Debug */,
				505E3B4224ECD09C00040891 /* Release */,
			);
			defaultConfigurationIsVisible = 0;
			defaultConfigurationName = Release;
		};
		505E3B4324ECD09C00040891 /* Build configuration list for PBXNativeTarget "tipTests" */ = {
			isa = XCConfigurationList;
			buildConfigurations = (
				505E3B4424ECD09C00040891 /* Debug */,
				505E3B4524ECD09C00040891 /* Release */,
			);
			defaultConfigurationIsVisible = 0;
			defaultConfigurationName = Release;
		};
		505E3B4624ECD09C00040891 /* Build configuration list for PBXNativeTarget "tipUITests" */ = {
			isa = XCConfigurationList;
			buildConfigurations = (
				505E3B4724ECD09C00040891 /* Debug */,
				505E3B4824ECD09C00040891 /* Release */,
			);
			defaultConfigurationIsVisible = 0;
			defaultConfigurationName = Release;
		};
/* End XCConfigurationList section */
	};
	rootObject = 505E3B0E24ECD09A00040891 /* Project object */;
}
